# This file is automatically @generated by Poetry 2.0.1 and should not be changed by hand.

[[package]]
name = "osbot-utils"
version = "2.59.0"
description = "OWASP Security Bot - Utils"
optional = false
python-versions = "<4.0,>=3.7"
groups = ["main"]
files = [
    {file = "osbot_utils-2.59.0-py3-none-any.whl", hash = "sha256:4ea1fd1c15881a4b46f3bb28defe5ba07962f45cc29344292d4fc9c7980d1608"},
    {file = "osbot_utils-2.59.0.tar.gz", hash = "sha256:5a0756aeba452f8fa822f3623746fe8e5580e94222c6777daca588b14ba32b9f"},
]

[metadata]
lock-version = "2.1"
python-versions = "^3.11"
content-hash = "fde2b944dae976e0e216ccc51c5a28dd5630349291b06ca46ff7e12838cd0427"
